
Microsoft Visual Studio Solution File, Format Version 12.00
# Visual Studio Version 17
VisualStudioVersion = 17.14.36915.13 d17.14
MinimumVisualStudioVersion = 10.0.40219.1
Project("{FAE04EC0-301F-11D3-BF4B-00C04F79EFBC}") = "велики", "велики\велики.csproj", "{B2193C43-4CD0-4AC5-BC2A-DADC7EBC2843}"
EndProject
Global
	GlobalSection(SolutionConfigurationPlatforms) = preSolution
		Debug|Any CPU = Debug|Any CPU
		Release|Any CPU = Release|Any CPU
	EndGlobalSection
	GlobalSection(ProjectConfigurationPlatforms) = postSolution
		{B2193C43-4CD0-4AC5-BC2A-DADC7EBC2843}.Debug|Any CPU.ActiveCfg = Debug|Any CPU
		{B2193C43-4CD0-4AC5-BC2A-DADC7EBC2843}.Debug|Any CPU.Build.0 = Debug|Any CPU
		{B2193C43-4CD0-4AC5-BC2A-DADC7EBC2843}.Release|Any CPU.ActiveCfg = Release|Any CPU
		{B2193C43-4CD0-4AC5-BC2A-DADC7EBC2843}.Release|Any CPU.Build.0 = Release|Any CPU
	EndGlobalSection
	GlobalSection(SolutionProperties) = preSolution
		HideSolutionNode = FALSE
	EndGlobalSection
	GlobalSection(ExtensibilityGlobals) = postSolution
		SolutionGuid = {410018BD-1C75-4954-94ED-4C70047E5B1F}
	EndGlobalSection
EndGlobal
